
Microsoft Visual Studio Solution File, Format Version 12.00
# Visual Studio Version 17
VisualStudioVersion = 17.14.36127.28 d17.14
MinimumVisualStudioVersion = 10.0.40219.1
Project("{FAE04EC0-301F-11D3-BF4B-00C04F79EFBC}") = "ERP.Frontend", "ERP.Frontend.csproj", "{D2D941B7-C3D3-44B1-8D7D-D27425584D65}"
EndProject
Global
	GlobalSection(SolutionConfigurationPlatforms) = preSolution
		Debug|Any CPU = Debug|Any CPU
		Release|Any CPU = Release|Any CPU
	EndGlobalSection
	GlobalSection(ProjectConfigurationPlatforms) = postSolution
		{D2D941B7-C3D3-44B1-8D7D-D27425584D65}.Debug|Any CPU.ActiveCfg = Debug|Any CPU
		{D2D941B7-C3D3-44B1-8D7D-D27425584D65}.Debug|Any CPU.Build.0 = Debug|Any CPU
		{D2D941B7-C3D3-44B1-8D7D-D27425584D65}.Release|Any CPU.ActiveCfg = Release|Any CPU
		{D2D941B7-C3D3-44B1-8D7D-D27425584D65}.Release|Any CPU.Build.0 = Release|Any CPU
	EndGlobalSection
	GlobalSection(SolutionProperties) = preSolution
		HideSolutionNode = FALSE
	EndGlobalSection
	GlobalSection(ExtensibilityGlobals) = postSolution
		SolutionGuid = {AACD82CB-F477-4393-A7DD-85F6626F3087}
	EndGlobalSection
EndGlobal
